
Microsoft Visual Studio Solution File, Format Version 12.00
# Visual Studio 15
VisualStudioVersion = 15.0.28307.489
MinimumVisualStudioVersion = 10.0.40219.1
Project("{FAE04EC0-301F-11D3-BF4B-00C04F79EFBC}") = "Dominio", "Dominio\Dominio.csproj", "{C3FDD8A5-921E-4E69-A051-6A47E8D248AA}"
EndProject
Global
	GlobalSection(SolutionConfigurationPlatforms) = preSolution
		Debug|Any CPU = Debug|Any CPU
		Release|Any CPU = Release|Any CPU
	EndGlobalSection
	GlobalSection(ProjectConfigurationPlatforms) = postSolution
		{C3FDD8A5-921E-4E69-A051-6A47E8D248AA}.Debug|Any CPU.ActiveCfg = Debug|Any CPU
		{C3FDD8A5-921E-4E69-A051-6A47E8D248AA}.Debug|Any CPU.Build.0 = Debug|Any CPU
		{C3FDD8A5-921E-4E69-A051-6A47E8D248AA}.Release|Any CPU.ActiveCfg = Release|Any CPU
		{C3FDD8A5-921E-4E69-A051-6A47E8D248AA}.Release|Any CPU.Build.0 = Release|Any CPU
	EndGlobalSection
	GlobalSection(SolutionProperties) = preSolution
		HideSolutionNode = FALSE
	EndGlobalSection
	GlobalSection(ExtensibilityGlobals) = postSolution
		SolutionGuid = {068F5596-EEDF-4878-8185-08BFA6975897}
	EndGlobalSection
EndGlobal
